// !$*UTF8*$!
{
	archiveVersion = 1;
	classes = {
	};
	objectVersion = 46;
	objects = {

/* Begin PBXBuildFile section */
		3258FBB214F044E60058E977 /* Cocoa.framework in Frameworks */ = {isa = PBXBuildFile; fileRef = 3258FBB114F044E50058E977 /* Cocoa.framework */; };
		3258FBBC14F044E60058E977 /* InfoPlist.strings in Resources */ = {isa = PBXBuildFile; fileRef = 3258FBBA14F044E60058E977 /* InfoPlist.strings */; };
		3258FBBE14F044E60058E977 /* main.m in Sources */ = {isa = PBXBuildFile; fileRef = 3258FBBD14F044E60058E977 /* main.m */; };
		3258FBC214F044E60058E977 /* Credits.rtf in Resources */ = {isa = PBXBuildFile; fileRef = 3258FBC014F044E60058E977 /* Credits.rtf */; };
		3258FBC514F044E60058E977 /* AppDelegate.m in Sources */ = {isa = PBXBuildFile; fileRef = 3258FBC414F044E60058E977 /* AppDelegate.m */; };
		3258FBC814F044E60058E977 /* MainMenu.xib in Resources */ = {isa = PBXBuildFile; fileRef = 3258FBC614F044E60058E977 /* MainMenu.xib */; };
		3258FBD014F044E60058E977 /* SenTestingKit.framework in Frameworks */ = {isa = PBXBuildFile; fileRef = 3258FBCF14F044E60058E977 /* SenTestingKit.framework */; };
		3258FBD114F044E60058E977 /* Cocoa.framework in Frameworks */ = {isa = PBXBuildFile; fileRef = 3258FBB114F044E50058E977 /* Cocoa.framework */; };
		3258FBD914F044E60058E977 /* InfoPlist.strings in Resources */ = {isa = PBXBuildFile; fileRef = 3258FBD714F044E60058E977 /* InfoPlist.strings */; };
		3258FBDC14F044E60058E977 /* pokemonTests.m in Sources */ = {isa = PBXBuildFile; fileRef = 3258FBDB14F044E60058E977 /* pokemonTests.m */; };
/* End PBXBuildFile section */

/* Begin PBXContainerItemProxy section */
		3258FBD214F044E60058E977 /* PBXContainerItemProxy */ = {
			isa = PBXContainerItemProxy;
			containerPortal = 3258FBA414F044E50058E977 /* Project object */;
			proxyType = 1;
			remoteGlobalIDString = 3258FBAC14F044E50058E977;
			remoteInfo = pokemon;
		};
/* End PBXContainerItemProxy section */

/* Begin PBXFileReference section */
		3258FBAD14F044E50058E977 /* pokemon.app */ = {isa = PBXFileReference; explicitFileType = wrapper.application; includeInIndex = 0; path = pokemon.app; sourceTree = BUILT_PRODUCTS_DIR; };
		3258FBB114F044E50058E977 /* Cocoa.framework */ = {isa = PBXFileReference; lastKnownFileType = wrapper.framework; name = Cocoa.framework; path = System/Library/Frameworks/Cocoa.framework; sourceTree = SDKROOT; };
		3258FBB414F044E60058E977 /* AppKit.framework */ = {isa = PBXFileReference; lastKnownFileType = wrapper.framework; name = AppKit.framework; path = System/Library/Frameworks/AppKit.framework; sourceTree = SDKROOT; };
		3258FBB514F044E60058E977 /* CoreData.framework */ = {isa = PBXFileReference; lastKnownFileType = wrapper.framework; name = CoreData.framework; path = System/Library/Frameworks/CoreData.framework; sourceTree = SDKROOT; };
		3258FBB614F044E60058E977 /* Foundation.framework */ = {isa = PBXFileReference; lastKnownFileType = wrapper.framework; name = Foundation.framework; path = System/Library/Frameworks/Foundation.framework; sourceTree = SDKROOT; };
		3258FBB914F044E60058E977 /* pokemon-Info.plist */ = {isa = PBXFileReference; lastKnownFileType = text.plist.xml; path = "pokemon-Info.plist"; sourceTree = "<group>"; };
		3258FBBB14F044E60058E977 /* en */ = {isa = PBXFileReference; lastKnownFileType = text.plist.strings; name = en; path = en.lproj/InfoPlist.strings; sourceTree = "<group>"; };
		3258FBBD14F044E60058E977 /* main.m */ = {isa = PBXFileReference; lastKnownFileType = sourcecode.c.objc; path = main.m; sourceTree = "<group>"; };
		3258FBBF14F044E60058E977 /* pokemon-Prefix.pch */ = {isa = PBXFileReference; lastKnownFileType = sourcecode.c.h; path = "pokemon-Prefix.pch"; sourceTree = "<group>"; };
		3258FBC114F044E60058E977 /* en */ = {isa = PBXFileReference; lastKnownFileType = text.rtf; name = en; path = en.lproj/Credits.rtf; sourceTree = "<group>"; };
		3258FBC314F044E60058E977 /* AppDelegate.h */ = {isa = PBXFileReference; lastKnownFileType = sourcecode.c.h; path = AppDelegate.h; sourceTree = "<group>"; };
		3258FBC414F044E60058E977 /* AppDelegate.m */ = {isa = PBXFileReference; lastKnownFileType = sourcecode.c.objc; path = AppDelegate.m; sourceTree = "<group>"; };
		3258FBC714F044E60058E977 /* en */ = {isa = PBXFileReference; lastKnownFileType = file.xib; name = en; path = en.lproj/MainMenu.xib; sourceTree = "<group>"; };
		3258FBCE14F044E60058E977 /* pokemonTests.octest */ = {isa = PBXFileReference; explicitFileType = wrapper.cfbundle; includeInIndex = 0; path = pokemonTests.octest; sourceTree = BUILT_PRODUCTS_DIR; };
		3258FBCF14F044E60058E977 /* SenTestingKit.framework */ = {isa = PBXFileReference; lastKnownFileType = wrapper.framework; name = SenTestingKit.framework; path = Library/Frameworks/SenTestingKit.framework; sourceTree = DEVELOPER_DIR; };
		3258FBD614F044E60058E977 /* pokemonTests-Info.plist */ = {isa = PBXFileReference; lastKnownFileType = text.plist.xml; path = "pokemonTests-Info.plist"; sourceTree = "<group>"; };
		3258FBD814F044E60058E977 /* en */ = {isa = PBXFileReference; lastKnownFileType = text.plist.strings; name = en; path = en.lproj/InfoPlist.strings; sourceTree = "<group>"; };
		3258FBDA14F044E60058E977 /* pokemonTests.h */ = {isa = PBXFileReference; lastKnownFileType = sourcecode.c.h; path = pokemonTests.h; sourceTree = "<group>"; };
		3258FBDB14F044E60058E977 /* pokemonTests.m */ = {isa = PBXFileReference; lastKnownFileType = sourcecode.c.objc; path = pokemonTests.m; sourceTree = "<group>"; };
/* End PBXFileReference section */

/* Begin PBXFrameworksBuildPhase section */
		3258FBAA14F044E50058E977 /* Frameworks */ = {
			isa = PBXFrameworksBuildPhase;
			buildActionMask = 2147483647;
			files = (
				3258FBB214F044E60058E977 /* Cocoa.framework in Frameworks */,
			);
			runOnlyForDeploymentPostprocessing = 0;
		};
		3258FBCA14F044E60058E977 /* Frameworks */ = {
			isa = PBXFrameworksBuildPhase;
			buildActionMask = 2147483647;
			files = (
				3258FBD014F044E60058E977 /* SenTestingKit.framework in Frameworks */,
				3258FBD114F044E60058E977 /* Cocoa.framework in Frameworks */,
			);
			runOnlyForDeploymentPostprocessing = 0;
		};
/* End PBXFrameworksBuildPhase section */

/* Begin PBXGroup section */
		3258FBA214F044E50058E977 = {
			isa = PBXGroup;
			children = (
				3258FBB714F044E60058E977 /* pokemon */,
				3258FBD414F044E60058E977 /* pokemonTests */,
				3258FBB014F044E50058E977 /* Frameworks */,
				3258FBAE14F044E50058E977 /* Products */,
			);
			sourceTree = "<group>";
		};
		3258FBAE14F044E50058E977 /* Products */ = {
			isa = PBXGroup;
			children = (
				3258FBAD14F044E50058E977 /* pokemon.app */,
				3258FBCE14F044E60058E977 /* pokemonTests.octest */,
			);
			name = Products;
			sourceTree = "<group>";
		};
		3258FBB014F044E50058E977 /* Frameworks */ = {
			isa = PBXGroup;
			children = (
				3258FBB114F044E50058E977 /* Cocoa.framework */,
				3258FBCF14F044E60058E977 /* SenTestingKit.framework */,
				3258FBB314F044E60058E977 /* Other Frameworks */,
			);
			name = Frameworks;
			sourceTree = "<group>";
		};
		3258FBB314F044E60058E977 /* Other Frameworks */ = {
			isa = PBXGroup;
			children = (
				3258FBB414F044E60058E977 /* AppKit.framework */,
				3258FBB514F044E60058E977 /* CoreData.framework */,
				3258FBB614F044E60058E977 /* Foundation.framework */,
			);
			name = "Other Frameworks";
			sourceTree = "<group>";
		};
		3258FBB714F044E60058E977 /* pokemon */ = {
			isa = PBXGroup;
			children = (
				3258FBC314F044E60058E977 /* AppDelegate.h */,
				3258FBC414F044E60058E977 /* AppDelegate.m */,
				3258FBC614F044E60058E977 /* MainMenu.xib */,
				3258FBB814F044E60058E977 /* Supporting Files */,
			);
			path = pokemon;
			sourceTree = "<group>";
		};
		3258FBB814F044E60058E977 /* Supporting Files */ = {
			isa = PBXGroup;
			children = (
				3258FBB914F044E60058E977 /* pokemon-Info.plist */,
				3258FBBA14F044E60058E977 /* InfoPlist.strings */,
				3258FBBD14F044E60058E977 /* main.m */,
				3258FBBF14F044E60058E977 /* pokemon-Prefix.pch */,
				3258FBC014F044E60058E977 /* Credits.rtf */,
			);
			name = "Supporting Files";
			sourceTree = "<group>";
		};
		3258FBD414F044E60058E977 /* pokemonTests */ = {
			isa = PBXGroup;
			children = (
				3258FBDA14F044E60058E977 /* pokemonTests.h */,
				3258FBDB14F044E60058E977 /* pokemonTests.m */,
				3258FBD514F044E60058E977 /* Supporting Files */,
			);
			path = pokemonTests;
			sourceTree = "<group>";
		};
		3258FBD514F044E60058E977 /* Supporting Files */ = {
			isa = PBXGroup;
			children = (
				3258FBD614F044E60058E977 /* pokemonTests-Info.plist */,
				3258FBD714F044E60058E977 /* InfoPlist.strings */,
			);
			name = "Supporting Files";
			sourceTree = "<group>";
		};
/* End PBXGroup section */

/* Begin PBXNativeTarget section */
		3258FBAC14F044E50058E977 /* pokemon */ = {
			isa = PBXNativeTarget;
			buildConfigurationList = 3258FBDF14F044E60058E977 /* Build configuration list for PBXNativeTarget "pokemon" */;
			buildPhases = (
				3258FBA914F044E50058E977 /* Sources */,
				3258FBAA14F044E50058E977 /* Frameworks */,
				3258FBAB14F044E50058E977 /* Resources */,
			);
			buildRules = (
			);
			dependencies = (
			);
			name = pokemon;
			productName = pokemon;
			productReference = 3258FBAD14F044E50058E977 /* pokemon.app */;
			productType = "com.apple.product-type.application";
		};
		3258FBCD14F044E60058E977 /* pokemonTests */ = {
			isa = PBXNativeTarget;
			buildConfigurationList = 3258FBE214F044E60058E977 /* Build configuration list for PBXNativeTarget "pokemonTests" */;
			buildPhases = (
				3258FBC914F044E60058E977 /* Sources */,
				3258FBCA14F044E60058E977 /* Frameworks */,
				3258FBCB14F044E60058E977 /* Resources */,
				3258FBCC14F044E60058E977 /* ShellScript */,
			);
			buildRules = (
			);
			dependencies = (
				3258FBD314F044E60058E977 /* PBXTargetDependency */,
			);
			name = pokemonTests;
			productName = pokemonTests;
			productReference = 3258FBCE14F044E60058E977 /* pokemonTests.octest */;
			productType = "com.apple.product-type.bundle";
		};
/* End PBXNativeTarget section */

/* Begin PBXProject section */
		3258FBA414F044E50058E977 /* Project object */ = {
			isa = PBXProject;
			attributes = {
				LastUpgradeCheck = 0430;
			};
			buildConfigurationList = 3258FBA714F044E50058E977 /* Build configuration list for PBXProject "pokemon" */;
			compatibilityVersion = "Xcode 3.2";
			developmentRegion = English;
			hasScannedForEncodings = 0;
			knownRegions = (
				en,
			);
			mainGroup = 3258FBA214F044E50058E977;
			productRefGroup = 3258FBAE14F044E50058E977 /* Products */;
			projectDirPath = "";
			projectRoot = "";
			targets = (
				3258FBAC14F044E50058E977 /* pokemon */,
				3258FBCD14F044E60058E977 /* pokemonTests */,
			);
		};
/* End PBXProject section */

/* Begin PBXResourcesBuildPhase section */
		3258FBAB14F044E50058E977 /* Resources */ = {
			isa = PBXResourcesBuildPhase;
			buildActionMask = 2147483647;
			files = (
				3258FBBC14F044E60058E977 /* InfoPlist.strings in Resources */,
				3258FBC214F044E60058E977 /* Credits.rtf in Resources */,
				3258FBC814F044E60058E977 /* MainMenu.xib in Resources */,
			);
			runOnlyForDeploymentPostprocessing = 0;
		};
		3258FBCB14F044E60058E977 /* Resources */ = {
			isa = PBXResourcesBuildPhase;
			buildActionMask = 2147483647;
			files = (
				3258FBD914F044E60058E977 /* InfoPlist.strings in Resources */,
			);
			runOnlyForDeploymentPostprocessing = 0;
		};
/* End PBXResourcesBuildPhase section */

/* Begin PBXShellScriptBuildPhase section */
		3258FBCC14F044E60058E977 /* ShellScript */ = {
			isa = PBXShellScriptBuildPhase;
			buildActionMask = 2147483647;
			files = (
			);
			inputPaths = (
			);
			outputPaths = (
			);
			runOnlyForDeploymentPostprocessing = 0;
			shellPath = /bin/sh;
			shellScript = "# Run the unit tests in this test bundle.\n\"${SYSTEM_DEVELOPER_DIR}/Tools/RunUnitTests\"\n";
		};
/* End PBXShellScriptBuildPhase section */

/* Begin PBXSourcesBuildPhase section */
		3258FBA914F044E50058E977 /* Sources */ = {
			isa = PBXSourcesBuildPhase;
			buildActionMask = 2147483647;
			files = (
				3258FBBE14F044E60058E977 /* main.m in Sources */,
				3258FBC514F044E60058E977 /* AppDelegate.m in Sources */,
			);
			runOnlyForDeploymentPostprocessing = 0;
		};
		3258FBC914F044E60058E977 /* Sources */ = {
			isa = PBXSourcesBuildPhase;
			buildActionMask = 2147483647;
			files = (
				3258FBDC14F044E60058E977 /* pokemonTests.m in Sources */,
			);
			runOnlyForDeploymentPostprocessing = 0;
		};
/* End PBXSourcesBuildPhase section */

/* Begin PBXTargetDependency section */
		3258FBD314F044E60058E977 /* PBXTargetDependency */ = {
			isa = PBXTargetDependency;
			target = 3258FBAC14F044E50058E977 /* pokemon */;
			targetProxy = 3258FBD214F044E60058E977 /* PBXContainerItemProxy */;
		};
/* End PBXTargetDependency section */

/* Begin PBXVariantGroup section */
		3258FBBA14F044E60058E977 /* InfoPlist.strings */ = {
			isa = PBXVariantGroup;
			children = (
				3258FBBB14F044E60058E977 /* en */,
			);
			name = InfoPlist.strings;
			sourceTree = "<group>";
		};
		3258FBC014F044E60058E977 /* Credits.rtf */ = {
			isa = PBXVariantGroup;
			children = (
				3258FBC114F044E60058E977 /* en */,
			);
			name = Credits.rtf;
			sourceTree = "<group>";
		};
		3258FBC614F044E60058E977 /* MainMenu.xib */ = {
			isa = PBXVariantGroup;
			children = (
				3258FBC714F044E60058E977 /* en */,
			);
			name = MainMenu.xib;
			sourceTree = "<group>";
		};
		3258FBD714F044E60058E977 /* InfoPlist.strings */ = {
			isa = PBXVariantGroup;
			children = (
				3258FBD814F044E60058E977 /* en */,
			);
			name = InfoPlist.strings;
			sourceTree = "<group>";
		};
/* End PBXVariantGroup section */

/* Begin XCBuildConfiguration section */
		3258FBDD14F044E60058E977 /* Debug */ = {
			isa = XCBuildConfiguration;
			buildSettings = {
				ALWAYS_SEARCH_USER_PATHS = NO;
				ARCHS = "$(ARCHS_STANDARD_64_BIT)";
				CLANG_ENABLE_OBJC_ARC = YES;
				COPY_PHASE_STRIP = NO;
				GCC_C_LANGUAGE_STANDARD = gnu99;
				GCC_DYNAMIC_NO_PIC = NO;
				GCC_ENABLE_OBJC_EXCEPTIONS = YES;
				GCC_OPTIMIZATION_LEVEL = 0;
				GCC_PREPROCESSOR_DEFINITIONS = (
					"DEBUG=1",
					"$(inherited)",
				);
				GCC_SYMBOLS_PRIVATE_EXTERN = NO;
				GCC_VERSION = com.apple.compilers.llvm.clang.1_0;
				GCC_WARN_64_TO_32_BIT_CONVERSION = YES;
				GCC_WARN_ABOUT_RETURN_TYPE = YES;
				GCC_WARN_UNINITIALIZED_AUTOS = YES;
				GCC_WARN_UNUSED_VARIABLE = YES;
				MACOSX_DEPLOYMENT_TARGET = 10.7;
				ONLY_ACTIVE_ARCH = YES;
				SDKROOT = macosx;
			};
			name = Debug;
		};
		3258FBDE14F044E60058E977 /* Release */ = {
			isa = XCBuildConfiguration;
			buildSettings = {
				ALWAYS_SEARCH_USER_PATHS = NO;
				ARCHS = "$(ARCHS_STANDARD_64_BIT)";
				CLANG_ENABLE_OBJC_ARC = YES;
				COPY_PHASE_STRIP = YES;
				DEBUG_INFORMATION_FORMAT = "dwarf-with-dsym";
				GCC_C_LANGUAGE_STANDARD = gnu99;
				GCC_ENABLE_OBJC_EXCEPTIONS = YES;
				GCC_VERSION = com.apple.compilers.llvm.clang.1_0;
				GCC_WARN_64_TO_32_BIT_CONVERSION = YES;
				GCC_WARN_ABOUT_RETURN_TYPE = YES;
				GCC_WARN_UNINITIALIZED_AUTOS = YES;
				GCC_WARN_UNUSED_VARIABLE = YES;
				MACOSX_DEPLOYMENT_TARGET = 10.7;
				SDKROOT = macosx;
			};
			name = Release;
		};
		3258FBE014F044E60058E977 /* Debug */ = {
			isa = XCBuildConfiguration;
			buildSettings = {
				GCC_PRECOMPILE_PREFIX_HEADER = YES;
				GCC_PREFIX_HEADER = "pokemon/pokemon-Prefix.pch";
				INFOPLIST_FILE = "pokemon/pokemon-Info.plist";
				PRODUCT_NAME = "$(TARGET_NAME)";
				WRAPPER_EXTENSION = app;
			};
			name = Debug;
		};
		3258FBE114F044E60058E977 /* Release */ = {
			isa = XCBuildConfiguration;
			buildSettings = {
				GCC_PRECOMPILE_PREFIX_HEADER = YES;
				GCC_PREFIX_HEADER = "pokemon/pokemon-Prefix.pch";
				INFOPLIST_FILE = "pokemon/pokemon-Info.plist";
				PRODUCT_NAME = "$(TARGET_NAME)";
				WRAPPER_EXTENSION = app;
			};
			name = Release;
		};
		3258FBE314F044E60058E977 /* Debug */ = {
			isa = XCBuildConfiguration;
			buildSettings = {
				BUNDLE_LOADER = "$(BUILT_PRODUCTS_DIR)/pokemon.app/Contents/MacOS/pokemon";
				FRAMEWORK_SEARCH_PATHS = "$(DEVELOPER_LIBRARY_DIR)/Frameworks";
				GCC_PRECOMPILE_PREFIX_HEADER = YES;
				GCC_PREFIX_HEADER = "pokemon/pokemon-Prefix.pch";
				INFOPLIST_FILE = "pokemonTests/pokemonTests-Info.plist";
				PRODUCT_NAME = "$(TARGET_NAME)";
				TEST_HOST = "$(BUNDLE_LOADER)";
				WRAPPER_EXTENSION = octest;
			};
			name = Debug;
		};
		3258FBE414F044E60058E977 /* Release */ = {
			isa = XCBuildConfiguration;
			buildSettings = {
				BUNDLE_LOADER = "$(BUILT_PRODUCTS_DIR)/pokemon.app/Contents/MacOS/pokemon";
				FRAMEWORK_SEARCH_PATHS = "$(DEVELOPER_LIBRARY_DIR)/Frameworks";
				GCC_PRECOMPILE_PREFIX_HEADER = YES;
				GCC_PREFIX_HEADER = "pokemon/pokemon-Prefix.pch";
				INFOPLIST_FILE = "pokemonTests/pokemonTests-Info.plist";
				PRODUCT_NAME = "$(TARGET_NAME)";
				TEST_HOST = "$(BUNDLE_LOADER)";
				WRAPPER_EXTENSION = octest;
			};
			name = Release;
		};
/* End XCBuildConfiguration section */

/* Begin XCConfigurationList section */
		3258FBA714F044E50058E977 /* Build configuration list for PBXProject "pokemon" */ = {
			isa = XCConfigurationList;
			buildConfigurations = (
				3258FBDD14F044E60058E977 /* Debug */,
				3258FBDE14F044E60058E977 /* Release */,
			);
			defaultConfigurationIsVisible = 0;
			defaultConfigurationName = Release;
		};
		3258FBDF14F044E60058E977 /* Build configuration list for PBXNativeTarget "pokemon" */ = {
			isa = XCConfigurationList;
			buildConfigurations = (
				3258FBE014F044E60058E977 /* Debug */,
				3258FBE114F044E60058E977 /* Release */,
			);
			defaultConfigurationIsVisible = 0;
		};
		3258FBE214F044E60058E977 /* Build configuration list for PBXNativeTarget "pokemonTests" */ = {
			isa = XCConfigurationList;
			buildConfigurations = (
				3258FBE314F044E60058E977 /* Debug */,
				3258FBE414F044E60058E977 /* Release */,
			);
			defaultConfigurationIsVisible = 0;
		};
/* End XCConfigurationList section */
	};
	rootObject = 3258FBA414F044E50058E977 /* Project object */;
}
